// !$*UTF8*$!
{
	archiveVersion = 1;
	classes = {
	};
	objectVersion = 46;
	objects = {

/* Begin PBXBuildFile section */
		3406AF111A92C04A005905A1 /* AppDelegate.swift in Sources */ = {isa = PBXBuildFile; fileRef = 3406AF101A92C04A005905A1 /* AppDelegate.swift */; };
		3406AF131A92C04A005905A1 /* ViewController.swift in Sources */ = {isa = PBXBuildFile; fileRef = 3406AF121A92C04A005905A1 /* ViewController.swift */; };
		3406AF161A92C04A005905A1 /* Main.storyboard in Resources */ = {isa = PBXBuildFile; fileRef = 3406AF141A92C04A005905A1 /* Main.storyboard */; };
		3406AF181A92C04A005905A1 /* Images.xcassets in Resources */ = {isa = PBXBuildFile; fileRef = 3406AF171A92C04A005905A1 /* Images.xcassets */; };
		3406AF1B1A92C04A005905A1 /* LaunchScreen.xib in Resources */ = {isa = PBXBuildFile; fileRef = 3406AF191A92C04A005905A1 /* LaunchScreen.xib */; };
		3406AF271A92C04A005905A1 /* GCDTestTests.swift in Sources */ = {isa = PBXBuildFile; fileRef = 3406AF261A92C04A005905A1 /* GCDTestTests.swift */; };
		3406AF311A92C072005905A1 /* DoCalculations.swift in Sources */ = {isa = PBXBuildFile; fileRef = 3406AF301A92C072005905A1 /* DoCalculations.swift */; };
		3428DFFF1AA2507000CDFA08 /* DispatchOnce.swift in Sources */ = {isa = PBXBuildFile; fileRef = 3428DFFE1AA2507000CDFA08 /* DispatchOnce.swift */; };
		3428E0011AA2509100CDFA08 /* SerialQueues.swift in Sources */ = {isa = PBXBuildFile; fileRef = 3428E0001AA2509100CDFA08 /* SerialQueues.swift */; };
		3428E0031AA250E000CDFA08 /* ConcurrentQueues.swift in Sources */ = {isa = PBXBuildFile; fileRef = 3428E0021AA250E000CDFA08 /* ConcurrentQueues.swift */; };
		3428E0051AA2519700CDFA08 /* DispatchAfter.swift in Sources */ = {isa = PBXBuildFile; fileRef = 3428E0041AA2519700CDFA08 /* DispatchAfter.swift */; };
/* End PBXBuildFile section */

/* Begin PBXContainerItemProxy section */
		3406AF211A92C04A005905A1 /* PBXContainerItemProxy */ = {
			isa = PBXContainerItemProxy;
			containerPortal = 3406AF031A92C04A005905A1 /* Project object */;
			proxyType = 1;
			remoteGlobalIDString = 3406AF0A1A92C04A005905A1;
			remoteInfo = GCDTest;
		};
/* End PBXContainerItemProxy section */

/* Begin PBXFileReference section */
		3406AF0B1A92C04A005905A1 /* GCDTest.app */ = {isa = PBXFileReference; explicitFileType = wrapper.application; includeInIndex = 0; path = GCDTest.app; sourceTree = BUILT_PRODUCTS_DIR; };
		3406AF0F1A92C04A005905A1 /* Info.plist */ = {isa = PBXFileReference; lastKnownFileType = text.plist.xml; path = Info.plist; sourceTree = "<group>"; };
		3406AF101A92C04A005905A1 /* AppDelegate.swift */ = {isa = PBXFileReference; lastKnownFileType = sourcecode.swift; path = AppDelegate.swift; sourceTree = "<group>"; };
		3406AF121A92C04A005905A1 /* ViewController.swift */ = {isa = PBXFileReference; lastKnownFileType = sourcecode.swift; path = ViewController.swift; sourceTree = "<group>"; };
		3406AF151A92C04A005905A1 /* Base */ = {isa = PBXFileReference; lastKnownFileType = file.storyboard; name = Base; path = Base.lproj/Main.storyboard; sourceTree = "<group>"; };
		3406AF171A92C04A005905A1 /* Images.xcassets */ = {isa = PBXFileReference; lastKnownFileType = folder.assetcatalog; path = Images.xcassets; sourceTree = "<group>"; };
		3406AF1A1A92C04A005905A1 /* Base */ = {isa = PBXFileReference; lastKnownFileType = file.xib; name = Base; path = Base.lproj/LaunchScreen.xib; sourceTree = "<group>"; };
		3406AF201A92C04A005905A1 /* GCDTestTests.xctest */ = {isa = PBXFileReference; explicitFileType = wrapper.cfbundle; includeInIndex = 0; path = GCDTestTests.xctest; sourceTree = BUILT_PRODUCTS_DIR; };
		3406AF251A92C04A005905A1 /* Info.plist */ = {isa = PBXFileReference; lastKnownFileType = text.plist.xml; path = Info.plist; sourceTree = "<group>"; };
		3406AF261A92C04A005905A1 /* GCDTestTests.swift */ = {isa = PBXFileReference; lastKnownFileType = sourcecode.swift; path = GCDTestTests.swift; sourceTree = "<group>"; };
		3406AF301A92C072005905A1 /* DoCalculations.swift */ = {isa = PBXFileReference; fileEncoding = 4; lastKnownFileType = sourcecode.swift; path = DoCalculations.swift; sourceTree = "<group>"; };
		3428DFFE1AA2507000CDFA08 /* DispatchOnce.swift */ = {isa = PBXFileReference; fileEncoding = 4; lastKnownFileType = sourcecode.swift; path = DispatchOnce.swift; sourceTree = "<group>"; };
		3428E0001AA2509100CDFA08 /* SerialQueues.swift */ = {isa = PBXFileReference; fileEncoding = 4; lastKnownFileType = sourcecode.swift; path = SerialQueues.swift; sourceTree = "<group>"; };
		3428E0021AA250E000CDFA08 /* ConcurrentQueues.swift */ = {isa = PBXFileReference; fileEncoding = 4; lastKnownFileType = sourcecode.swift; path = ConcurrentQueues.swift; sourceTree = "<group>"; };
		3428E0041AA2519700CDFA08 /* DispatchAfter.swift */ = {isa = PBXFileReference; fileEncoding = 4; lastKnownFileType = sourcecode.swift; path = DispatchAfter.swift; sourceTree = "<group>"; };
/* End PBXFileReference section */

/* Begin PBXFrameworksBuildPhase section */
		3406AF081A92C04A005905A1 /* Frameworks */ = {
			isa = PBXFrameworksBuildPhase;
			buildActionMask = 2147483647;
			files = (
			);
			runOnlyForDeploymentPostprocessing = 0;
		};
		3406AF1D1A92C04A005905A1 /* Frameworks */ = {
			isa = PBXFrameworksBuildPhase;
			buildActionMask = 2147483647;
			files = (
			);
			runOnlyForDeploymentPostprocessing = 0;
		};
/* End PBXFrameworksBuildPhase section */

/* Begin PBXGroup section */
		3406AF021A92C04A005905A1 = {
			isa = PBXGroup;
			children = (
				3406AF0D1A92C04A005905A1 /* GCDTest */,
				3406AF231A92C04A005905A1 /* GCDTestTests */,
				3406AF0C1A92C04A005905A1 /* Products */,
			);
			sourceTree = "<group>";
		};
		3406AF0C1A92C04A005905A1 /* Products */ = {
			isa = PBXGroup;
			children = (
				3406AF0B1A92C04A005905A1 /* GCDTest.app */,
				3406AF201A92C04A005905A1 /* GCDTestTests.xctest */,
			);
			name = Products;
			sourceTree = "<group>";
		};
		3406AF0D1A92C04A005905A1 /* GCDTest */ = {
			isa = PBXGroup;
			children = (
				3406AF101A92C04A005905A1 /* AppDelegate.swift */,
				3406AF121A92C04A005905A1 /* ViewController.swift */,
				3406AF141A92C04A005905A1 /* Main.storyboard */,
				3406AF171A92C04A005905A1 /* Images.xcassets */,
				3406AF191A92C04A005905A1 /* LaunchScreen.xib */,
				3406AF0E1A92C04A005905A1 /* Supporting Files */,
				3406AF301A92C072005905A1 /* DoCalculations.swift */,
				3428DFFE1AA2507000CDFA08 /* DispatchOnce.swift */,
				3428E0001AA2509100CDFA08 /* SerialQueues.swift */,
				3428E0021AA250E000CDFA08 /* ConcurrentQueues.swift */,
				3428E0041AA2519700CDFA08 /* DispatchAfter.swift */,
			);
			path = GCDTest;
			sourceTree = "<group>";
		};
		3406AF0E1A92C04A005905A1 /* Supporting Files */ = {
			isa = PBXGroup;
			children = (
				3406AF0F1A92C04A005905A1 /* Info.plist */,
			);
			name = "Supporting Files";
			sourceTree = "<group>";
		};
		3406AF231A92C04A005905A1 /* GCDTestTests */ = {
			isa = PBXGroup;
			children = (
				3406AF261A92C04A005905A1 /* GCDTestTests.swift */,
				3406AF241A92C04A005905A1 /* Supporting Files */,
			);
			path = GCDTestTests;
			sourceTree = "<group>";
		};
		3406AF241A92C04A005905A1 /* Supporting Files */ = {
			isa = PBXGroup;
			children = (
				3406AF251A92C04A005905A1 /* Info.plist */,
			);
			name = "Supporting Files";
			sourceTree = "<group>";
		};
/* End PBXGroup section */

/* Begin PBXNativeTarget section */
		3406AF0A1A92C04A005905A1 /* GCDTest */ = {
			isa = PBXNativeTarget;
			buildConfigurationList = 3406AF2A1A92C04A005905A1 /* Build configuration list for PBXNativeTarget "GCDTest" */;
			buildPhases = (
				3406AF071A92C04A005905A1 /* Sources */,
				3406AF081A92C04A005905A1 /* Frameworks */,
				3406AF091A92C04A005905A1 /* Resources */,
			);
			buildRules = (
			);
			dependencies = (
			);
			name = GCDTest;
			productName = GCDTest;
			productReference = 3406AF0B1A92C04A005905A1 /* GCDTest.app */;
			productType = "com.apple.product-type.application";
		};
		3406AF1F1A92C04A005905A1 /* GCDTestTests */ = {
			isa = PBXNativeTarget;
			buildConfigurationList = 3406AF2D1A92C04A005905A1 /* Build configuration list for PBXNativeTarget "GCDTestTests" */;
			buildPhases = (
				3406AF1C1A92C04A005905A1 /* Sources */,
				3406AF1D1A92C04A005905A1 /* Frameworks */,
				3406AF1E1A92C04A005905A1 /* Resources */,
			);
			buildRules = (
			);
			dependencies = (
				3406AF221A92C04A005905A1 /* PBXTargetDependency */,
			);
			name = GCDTestTests;
			productName = GCDTestTests;
			productReference = 3406AF201A92C04A005905A1 /* GCDTestTests.xctest */;
			productType = "com.apple.product-type.bundle.unit-test";
		};
/* End PBXNativeTarget section */

/* Begin PBXProject section */
		3406AF031A92C04A005905A1 /* Project object */ = {
			isa = PBXProject;
			attributes = {
				LastSwiftMigration = 0700;
				LastSwiftUpdateCheck = 0700;
				LastUpgradeCheck = 0900;
				ORGANIZATIONNAME = "Jon Hoffman";
				TargetAttributes = {
					3406AF0A1A92C04A005905A1 = {
						CreatedOnToolsVersion = 6.1.1;
						LastSwiftMigration = 0900;
					};
					3406AF1F1A92C04A005905A1 = {
						CreatedOnToolsVersion = 6.1.1;
						LastSwiftMigration = 0900;
						TestTargetID = 3406AF0A1A92C04A005905A1;
					};
				};
			};
			buildConfigurationList = 3406AF061A92C04A005905A1 /* Build configuration list for PBXProject "GCDTest" */;
			compatibilityVersion = "Xcode 3.2";
			developmentRegion = English;
			hasScannedForEncodings = 0;
			knownRegions = (
				en,
				Base,
			);
			mainGroup = 3406AF021A92C04A005905A1;
			productRefGroup = 3406AF0C1A92C04A005905A1 /* Products */;
			projectDirPath = "";
			projectRoot = "";
			targets = (
				3406AF0A1A92C04A005905A1 /* GCDTest */,
				3406AF1F1A92C04A005905A1 /* GCDTestTests */,
			);
		};
/* End PBXProject section */

/* Begin PBXResourcesBuildPhase section */
		3406AF091A92C04A005905A1 /* Resources */ = {
			isa = PBXResourcesBuildPhase;
			buildActionMask = 2147483647;
			files = (
				3406AF161A92C04A005905A1 /* Main.storyboard in Resources */,
				3406AF1B1A92C04A005905A1 /* LaunchScreen.xib in Resources */,
				3406AF181A92C04A005905A1 /* Images.xcassets in Resources */,
			);
			runOnlyForDeploymentPostprocessing = 0;
		};
		3406AF1E1A92C04A005905A1 /* Resources */ = {
			isa = PBXResourcesBuildPhase;
			buildActionMask = 2147483647;
			files = (
			);
			runOnlyForDeploymentPostprocessing = 0;
		};
/* End PBXResourcesBuildPhase section */

/* Begin PBXSourcesBuildPhase section */
		3406AF071A92C04A005905A1 /* Sources */ = {
			isa = PBXSourcesBuildPhase;
			buildActionMask = 2147483647;
			files = (
				3428E0031AA250E000CDFA08 /* ConcurrentQueues.swift in Sources */,
				3406AF311A92C072005905A1 /* DoCalculations.swift in Sources */,
				3406AF131A92C04A005905A1 /* ViewController.swift in Sources */,
				3428DFFF1AA2507000CDFA08 /* DispatchOnce.swift in Sources */,
				3428E0051AA2519700CDFA08 /* DispatchAfter.swift in Sources */,
				3428E0011AA2509100CDFA08 /* SerialQueues.swift in Sources */,
				3406AF111A92C04A005905A1 /* AppDelegate.swift in Sources */,
			);
			runOnlyForDeploymentPostprocessing = 0;
		};
		3406AF1C1A92C04A005905A1 /* Sources */ = {
			isa = PBXSourcesBuildPhase;
			buildActionMask = 2147483647;
			files = (
				3406AF271A92C04A005905A1 /* GCDTestTests.swift in Sources */,
			);
			runOnlyForDeploymentPostprocessing = 0;
		};
/* End PBXSourcesBuildPhase section */

/* Begin PBXTargetDependency section */
		3406AF221A92C04A005905A1 /* PBXTargetDependency */ = {
			isa = PBXTargetDependency;
			target = 3406AF0A1A92C04A005905A1 /* GCDTest */;
			targetProxy = 3406AF211A92C04A005905A1 /* PBXContainerItemProxy */;
		};
/* End PBXTargetDependency section */

/* Begin PBXVariantGroup section */
		3406AF141A92C04A005905A1 /* Main.storyboard */ = {
			isa = PBXVariantGroup;
			children = (
				3406AF151A92C04A005905A1 /* Base */,
			);
			name = Main.storyboard;
			sourceTree = "<group>";
		};
		3406AF191A92C04A005905A1 /* LaunchScreen.xib */ = {
			isa = PBXVariantGroup;
			children = (
				3406AF1A1A92C04A005905A1 /* Base */,
			);
			name = LaunchScreen.xib;
			sourceTree = "<group>";
		};
/* End PBXVariantGroup section */

/* Begin XCBuildConfiguration section */
		3406AF281A92C04A005905A1 /* Debug */ = {
			isa = XCBuildConfiguration;
			buildSettings = {
				ALWAYS_SEARCH_USER_PATHS = NO;
				CLANG_CXX_LANGUAGE_STANDARD = "gnu++0x";
				CLANG_CXX_LIBRARY = "libc++";
				CLANG_ENABLE_MODULES = YES;
				CLANG_ENABLE_OBJC_ARC = YES;
				CLANG_WARN_BLOCK_CAPTURE_AUTORELEASING = YES;
				CLANG_WARN_BOOL_CONVERSION = YES;
				CLANG_WARN_COMMA = YES;
				CLANG_WARN_CONSTANT_CONVERSION = YES;
				CLANG_WARN_DIRECT_OBJC_ISA_USAGE = YES_ERROR;
				CLANG_WARN_EMPTY_BODY = YES;
				CLANG_WARN_ENUM_CONVERSION = YES;
				CLANG_WARN_INFINITE_RECURSION = YES;
				CLANG_WARN_INT_CONVERSION = YES;
				CLANG_WARN_NON_LITERAL_NULL_CONVERSION = YES;
				CLANG_WARN_OBJC_LITERAL_CONVERSION = YES;
				CLANG_WARN_OBJC_ROOT_CLASS = YES_ERROR;
				CLANG_WARN_RANGE_LOOP_ANALYSIS = YES;
				CLANG_WARN_STRICT_PROTOTYPES = YES;
				CLANG_WARN_SUSPICIOUS_MOVE = YES;
				CLANG_WARN_UNREACHABLE_CODE = YES;
				CLANG_WARN__DUPLICATE_METHOD_MATCH = YES;
				"CODE_SIGN_IDENTITY[sdk=iphoneos*]" = "iPhone Developer";
				COPY_PHASE_STRIP = NO;
				ENABLE_STRICT_OBJC_MSGSEND = YES;
				ENABLE_TESTABILITY = YES;
				GCC_C_LANGUAGE_STANDARD = gnu99;
				GCC_DYNAMIC_NO_PIC = NO;
				GCC_NO_COMMON_BLOCKS = YES;
				GCC_OPTIMIZATION_LEVEL = 0;
				GCC_PREPROCESSOR_DEFINITIONS = (
					"DEBUG=1",
					"$(inherited)",
				);
				GCC_SYMBOLS_PRIVATE_EXTERN = NO;
				GCC_WARN_64_TO_32_BIT_CONVERSION = YES;
				GCC_WARN_ABOUT_RETURN_TYPE = YES_ERROR;
				GCC_WARN_UNDECLARED_SELECTOR = YES;
				GCC_WARN_UNINITIALIZED_AUTOS = YES_AGGRESSIVE;
				GCC_WARN_UNUSED_FUNCTION = YES;
				GCC_WARN_UNUSED_VARIABLE = YES;
				IPHONEOS_DEPLOYMENT_TARGET = 8.1;
				MTL_ENABLE_DEBUG_INFO = YES;
				ONLY_ACTIVE_ARCH = YES;
				SDKROOT = iphoneos;
				SWIFT_OPTIMIZATION_LEVEL = "-Onone";
				TARGETED_DEVICE_FAMILY = "1,2";
			};
			name = Debug;
		};
		3406AF291A92C04A005905A1 /* Release */ = {
			isa = XCBuildConfiguration;
			buildSettings = {
				ALWAYS_SEARCH_USER_PATHS = NO;
				CLANG_CXX_LANGUAGE_STANDARD = "gnu++0x";
				CLANG_CXX_LIBRARY = "libc++";
				CLANG_ENABLE_MODULES = YES;
				CLANG_ENABLE_OBJC_ARC = YES;
				CLANG_WARN_BLOCK_CAPTURE_AUTORELEASING = YES;
				CLANG_WARN_BOOL_CONVERSION = YES;
				CLANG_WARN_COMMA = YES;
				CLANG_WARN_CONSTANT_CONVERSION = YES;
				CLANG_WARN_DIRECT_OBJC_ISA_USAGE = YES_ERROR;
				CLANG_WARN_EMPTY_BODY = YES;
				CLANG_WARN_ENUM_CONVERSION = YES;
				CLANG_WARN_INFINITE_RECURSION = YES;
				CLANG_WARN_INT_CONVERSION = YES;
				CLANG_WARN_NON_LITERAL_NULL_CONVERSION = YES;
				CLANG_WARN_OBJC_LITERAL_CONVERSION = YES;
				CLANG_WARN_OBJC_ROOT_CLASS = YES_ERROR;
				CLANG_WARN_RANGE_LOOP_ANALYSIS = YES;
				CLANG_WARN_STRICT_PROTOTYPES = YES;
				CLANG_WARN_SUSPICIOUS_MOVE = YES;
				CLANG_WARN_UNREACHABLE_CODE = YES;
				CLANG_WARN__DUPLICATE_METHOD_MATCH = YES;
				"CODE_SIGN_IDENTITY[sdk=iphoneos*]" = "iPhone Developer";
				COPY_PHASE_STRIP = YES;
				ENABLE_NS_ASSERTIONS = NO;
				ENABLE_STRICT_OBJC_MSGSEND = YES;
				GCC_C_LANGUAGE_STANDARD = gnu99;
				GCC_NO_COMMON_BLOCKS = YES;
				GCC_WARN_64_TO_32_BIT_CONVERSION = YES;
				GCC_WARN_ABOUT_RETURN_TYPE = YES_ERROR;
				GCC_WARN_UNDECLARED_SELECTOR = YES;
				GCC_WARN_UNINITIALIZED_AUTOS = YES_AGGRESSIVE;
				GCC_WARN_UNUSED_FUNCTION = YES;
				GCC_WARN_UNUSED_VARIABLE = YES;
				IPHONEOS_DEPLOYMENT_TARGET = 8.1;
				MTL_ENABLE_DEBUG_INFO = NO;
				SDKROOT = iphoneos;
				TARGETED_DEVICE_FAMILY = "1,2";
				VALIDATE_PRODUCT = YES;
			};
			name = Release;
		};
		3406AF2B1A92C04A005905A1 /* Debug */ = {
			isa = XCBuildConfiguration;
			buildSettings = {
				ASSETCATALOG_COMPILER_APPICON_NAME = AppIcon;
				INFOPLIST_FILE = GCDTest/Info.plist;
				LD_RUNPATH_SEARCH_PATHS = "$(inherited) @executable_path/Frameworks";
				PRODUCT_BUNDLE_IDENTIFIER = "hoffman.jon.$(PRODUCT_NAME:rfc1034identifier)";
				PRODUCT_NAME = "$(TARGET_NAME)";
				SWIFT_SWIFT3_OBJC_INFERENCE = On;
				SWIFT_VERSION = 4.0;
			};
			name = Debug;
		};
		3406AF2C1A92C04A005905A1 /* Release */ = {
			isa = XCBuildConfiguration;
			buildSettings = {
				ASSETCATALOG_COMPILER_APPICON_NAME = AppIcon;
				INFOPLIST_FILE = GCDTest/Info.plist;
				LD_RUNPATH_SEARCH_PATHS = "$(inherited) @executable_path/Frameworks";
				PRODUCT_BUNDLE_IDENTIFIER = "hoffman.jon.$(PRODUCT_NAME:rfc1034identifier)";
				PRODUCT_NAME = "$(TARGET_NAME)";
				SWIFT_OPTIMIZATION_LEVEL = "-Owholemodule";
				SWIFT_SWIFT3_OBJC_INFERENCE = On;
				SWIFT_VERSION = 4.0;
			};
			name = Release;
		};
		3406AF2E1A92C04A005905A1 /* Debug */ = {
			isa = XCBuildConfiguration;
			buildSettings = {
				BUNDLE_LOADER = "$(TEST_HOST)";
				FRAMEWORK_SEARCH_PATHS = (
					"$(SDKROOT)/Developer/Library/Frameworks",
					"$(inherited)",
				);
				GCC_PREPROCESSOR_DEFINITIONS = (
					"DEBUG=1",
					"$(inherited)",
				);
				INFOPLIST_FILE = GCDTestTests/Info.plist;
				LD_RUNPATH_SEARCH_PATHS = "$(inherited) @executable_path/Frameworks @loader_path/Frameworks";
				PRODUCT_BUNDLE_IDENTIFIER = "hoffman.jon.$(PRODUCT_NAME:rfc1034identifier)";
				PRODUCT_NAME = "$(TARGET_NAME)";
				SWIFT_SWIFT3_OBJC_INFERENCE = On;
				SWIFT_VERSION = 4.0;
				TEST_HOST = "$(BUILT_PRODUCTS_DIR)/GCDTest.app/GCDTest";
			};
			name = Debug;
		};
		3406AF2F1A92C04A005905A1 /* Release */ = {
			isa = XCBuildConfiguration;
			buildSettings = {
				BUNDLE_LOADER = "$(TEST_HOST)";
				FRAMEWORK_SEARCH_PATHS = (
					"$(SDKROOT)/Developer/Library/Frameworks",
					"$(inherited)",
				);
				INFOPLIST_FILE = GCDTestTests/Info.plist;
				LD_RUNPATH_SEARCH_PATHS = "$(inherited) @executable_path/Frameworks @loader_path/Frameworks";
				PRODUCT_BUNDLE_IDENTIFIER = "hoffman.jon.$(PRODUCT_NAME:rfc1034identifier)";
				PRODUCT_NAME = "$(TARGET_NAME)";
				SWIFT_OPTIMIZATION_LEVEL = "-Owholemodule";
				SWIFT_SWIFT3_OBJC_INFERENCE = On;
				SWIFT_VERSION = 4.0;
				TEST_HOST = "$(BUILT_PRODUCTS_DIR)/GCDTest.app/GCDTest";
			};
			name = Release;
		};
/* End XCBuildConfiguration section */

/* Begin XCConfigurationList section */
		3406AF061A92C04A005905A1 /* Build configuration list for PBXProject "GCDTest" */ = {
			isa = XCConfigurationList;
			buildConfigurations = (
				3406AF281A92C04A005905A1 /* Debug */,
				3406AF291A92C04A005905A1 /* Release */,
			);
			defaultConfigurationIsVisible = 0;
			defaultConfigurationName = Release;
		};
		3406AF2A1A92C04A005905A1 /* Build configuration list for PBXNativeTarget "GCDTest" */ = {
			isa = XCConfigurationList;
			buildConfigurations = (
				3406AF2B1A92C04A005905A1 /* Debug */,
				3406AF2C1A92C04A005905A1 /* Release */,
			);
			defaultConfigurationIsVisible = 0;
			defaultConfigurationName = Release;
		};
		3406AF2D1A92C04A005905A1 /* Build configuration list for PBXNativeTarget "GCDTestTests" */ = {
			isa = XCConfigurationList;
			buildConfigurations = (
				3406AF2E1A92C04A005905A1 /* Debug */,
				3406AF2F1A92C04A005905A1 /* Release */,
			);
			defaultConfigurationIsVisible = 0;
			defaultConfigurationName = Release;
		};
/* End XCConfigurationList section */
	};
	rootObject = 3406AF031A92C04A005905A1 /* Project object */;
}
