// !$*UTF8*$!
{
	archiveVersion = 1;
	classes = {
	};
	objectVersion = 48;
	objects = {

/* Begin PBXBuildFile section */
		15C53BE91F129C770030EA67 /* main.swift in Sources */ = {isa = PBXBuildFile; fileRef = 15C53BE81F129C770030EA67 /* main.swift */; };
		15C53BF01F129C950030EA67 /* TestClassOne.swift in Sources */ = {isa = PBXBuildFile; fileRef = 15C53BEF1F129C950030EA67 /* TestClassOne.swift */; };
		15C53BF21F129CAB0030EA67 /* TestClassTwo.swift in Sources */ = {isa = PBXBuildFile; fileRef = 15C53BF11F129CAB0030EA67 /* TestClassTwo.swift */; };
/* End PBXBuildFile section */

/* Begin PBXCopyFilesBuildPhase section */
		15C53BE31F129C770030EA67 /* CopyFiles */ = {
			isa = PBXCopyFilesBuildPhase;
			buildActionMask = 2147483647;
			dstPath = /usr/share/man/man1/;
			dstSubfolderSpec = 0;
			files = (
			);
			runOnlyForDeploymentPostprocessing = 1;
		};
/* End PBXCopyFilesBuildPhase section */

/* Begin PBXFileReference section */
		15C53BE51F129C770030EA67 /* Retain_Cycle */ = {isa = PBXFileReference; explicitFileType = "compiled.mach-o.executable"; includeInIndex = 0; path = Retain_Cycle; sourceTree = BUILT_PRODUCTS_DIR; };
		15C53BE81F129C770030EA67 /* main.swift */ = {isa = PBXFileReference; lastKnownFileType = sourcecode.swift; path = main.swift; sourceTree = "<group>"; };
		15C53BEF1F129C950030EA67 /* TestClassOne.swift */ = {isa = PBXFileReference; lastKnownFileType = sourcecode.swift; path = TestClassOne.swift; sourceTree = "<group>"; };
		15C53BF11F129CAB0030EA67 /* TestClassTwo.swift */ = {isa = PBXFileReference; lastKnownFileType = sourcecode.swift; path = TestClassTwo.swift; sourceTree = "<group>"; };
/* End PBXFileReference section */

/* Begin PBXFrameworksBuildPhase section */
		15C53BE21F129C770030EA67 /* Frameworks */ = {
			isa = PBXFrameworksBuildPhase;
			buildActionMask = 2147483647;
			files = (
			);
			runOnlyForDeploymentPostprocessing = 0;
		};
/* End PBXFrameworksBuildPhase section */

/* Begin PBXGroup section */
		15C53BDC1F129C770030EA67 = {
			isa = PBXGroup;
			children = (
				15C53BE71F129C770030EA67 /* Retain_Cycle */,
				15C53BE61F129C770030EA67 /* Products */,
			);
			sourceTree = "<group>";
		};
		15C53BE61F129C770030EA67 /* Products */ = {
			isa = PBXGroup;
			children = (
				15C53BE51F129C770030EA67 /* Retain_Cycle */,
			);
			name = Products;
			sourceTree = "<group>";
		};
		15C53BE71F129C770030EA67 /* Retain_Cycle */ = {
			isa = PBXGroup;
			children = (
				15C53BE81F129C770030EA67 /* main.swift */,
				15C53BEF1F129C950030EA67 /* TestClassOne.swift */,
				15C53BF11F129CAB0030EA67 /* TestClassTwo.swift */,
			);
			path = Retain_Cycle;
			sourceTree = "<group>";
		};
/* End PBXGroup section */

/* Begin PBXNativeTarget section */
		15C53BE41F129C770030EA67 /* Retain_Cycle */ = {
			isa = PBXNativeTarget;
			buildConfigurationList = 15C53BEC1F129C770030EA67 /* Build configuration list for PBXNativeTarget "Retain_Cycle" */;
			buildPhases = (
				15C53BE11F129C770030EA67 /* Sources */,
				15C53BE21F129C770030EA67 /* Frameworks */,
				15C53BE31F129C770030EA67 /* CopyFiles */,
			);
			buildRules = (
			);
			dependencies = (
			);
			name = Retain_Cycle;
			productName = Retain_Cycle;
			productReference = 15C53BE51F129C770030EA67 /* Retain_Cycle */;
			productType = "com.apple.product-type.tool";
		};
/* End PBXNativeTarget section */

/* Begin PBXProject section */
		15C53BDD1F129C770030EA67 /* Project object */ = {
			isa = PBXProject;
			attributes = {
				LastSwiftUpdateCheck = 0900;
				LastUpgradeCheck = 0900;
				ORGANIZATIONNAME = "Jon Hoffman";
				TargetAttributes = {
					15C53BE41F129C770030EA67 = {
						CreatedOnToolsVersion = 9.0;
					};
				};
			};
			buildConfigurationList = 15C53BE01F129C770030EA67 /* Build configuration list for PBXProject "Retain_Cycle" */;
			compatibilityVersion = "Xcode 8.0";
			developmentRegion = en;
			hasScannedForEncodings = 0;
			knownRegions = (
				en,
			);
			mainGroup = 15C53BDC1F129C770030EA67;
			productRefGroup = 15C53BE61F129C770030EA67 /* Products */;
			projectDirPath = "";
			projectRoot = "";
			targets = (
				15C53BE41F129C770030EA67 /* Retain_Cycle */,
			);
		};
/* End PBXProject section */

/* Begin PBXSourcesBuildPhase section */
		15C53BE11F129C770030EA67 /* Sources */ = {
			isa = PBXSourcesBuildPhase;
			buildActionMask = 2147483647;
			files = (
				15C53BE91F129C770030EA67 /* main.swift in Sources */,
				15C53BF01F129C950030EA67 /* TestClassOne.swift in Sources */,
				15C53BF21F129CAB0030EA67 /* TestClassTwo.swift in Sources */,
			);
			runOnlyForDeploymentPostprocessing = 0;
		};
/* End PBXSourcesBuildPhase section */

/* Begin XCBuildConfiguration section */
		15C53BEA1F129C770030EA67 /* Debug */ = {
			isa = XCBuildConfiguration;
			buildSettings = {
				ALWAYS_SEARCH_USER_PATHS = NO;
				CLANG_ANALYZER_NONNULL = YES;
				CLANG_ANALYZER_NUMBER_OBJECT_CONVERSION = YES_AGGRESSIVE;
				CLANG_CXX_LANGUAGE_STANDARD = "gnu++14";
				CLANG_CXX_LIBRARY = "libc++";
				CLANG_ENABLE_MODULES = YES;
				CLANG_ENABLE_OBJC_ARC = YES;
				CLANG_WARN_BLOCK_CAPTURE_AUTORELEASING = YES;
				CLANG_WARN_BOOL_CONVERSION = YES;
				CLANG_WARN_COMMA = YES;
				CLANG_WARN_CONSTANT_CONVERSION = YES;
				CLANG_WARN_DIRECT_OBJC_ISA_USAGE = YES_ERROR;
				CLANG_WARN_DOCUMENTATION_COMMENTS = YES;
				CLANG_WARN_EMPTY_BODY = YES;
				CLANG_WARN_ENUM_CONVERSION = YES;
				CLANG_WARN_INFINITE_RECURSION = YES;
				CLANG_WARN_INT_CONVERSION = YES;
				CLANG_WARN_OBJC_ROOT_CLASS = YES_ERROR;
				CLANG_WARN_RANGE_LOOP_ANALYSIS = YES;
				CLANG_WARN_STRICT_PROTOTYPES = YES;
				CLANG_WARN_SUSPICIOUS_MOVE = YES;
				CLANG_WARN_UNGUARDED_AVAILABILITY = YES_AGGRESSIVE;
				CLANG_WARN_UNREACHABLE_CODE = YES;
				CLANG_WARN__DUPLICATE_METHOD_MATCH = YES;
				CODE_SIGN_IDENTITY = "-";
				COPY_PHASE_STRIP = NO;
				DEBUG_INFORMATION_FORMAT = dwarf;
				ENABLE_STRICT_OBJC_MSGSEND = YES;
				ENABLE_TESTABILITY = YES;
				GCC_C_LANGUAGE_STANDARD = gnu11;
				GCC_DYNAMIC_NO_PIC = NO;
				GCC_NO_COMMON_BLOCKS = YES;
				GCC_OPTIMIZATION_LEVEL = 0;
				GCC_PREPROCESSOR_DEFINITIONS = (
					"DEBUG=1",
					"$(inherited)",
				);
				GCC_WARN_64_TO_32_BIT_CONVERSION = YES;
				GCC_WARN_ABOUT_RETURN_TYPE = YES_ERROR;
				GCC_WARN_UNDECLARED_SELECTOR = YES;
				GCC_WARN_UNINITIALIZED_AUTOS = YES_AGGRESSIVE;
				GCC_WARN_UNUSED_FUNCTION = YES;
				GCC_WARN_UNUSED_VARIABLE = YES;
				MACOSX_DEPLOYMENT_TARGET = 10.12;
				MTL_ENABLE_DEBUG_INFO = YES;
				ONLY_ACTIVE_ARCH = YES;
				SDKROOT = macosx;
				SWIFT_ACTIVE_COMPILATION_CONDITIONS = DEBUG;
				SWIFT_OPTIMIZATION_LEVEL = "-Onone";
			};
			name = Debug;
		};
		15C53BEB1F129C770030EA67 /* Release */ = {
			isa = XCBuildConfiguration;
			buildSettings = {
				ALWAYS_SEARCH_USER_PATHS = NO;
				CLANG_ANALYZER_NONNULL = YES;
				CLANG_ANALYZER_NUMBER_OBJECT_CONVERSION = YES_AGGRESSIVE;
				CLANG_CXX_LANGUAGE_STANDARD = "gnu++14";
				CLANG_CXX_LIBRARY = "libc++";
				CLANG_ENABLE_MODULES = YES;
				CLANG_ENABLE_OBJC_ARC = YES;
				CLANG_WARN_BLOCK_CAPTURE_AUTORELEASING = YES;
				CLANG_WARN_BOOL_CONVERSION = YES;
				CLANG_WARN_COMMA = YES;
				CLANG_WARN_CONSTANT_CONVERSION = YES;
				CLANG_WARN_DIRECT_OBJC_ISA_USAGE = YES_ERROR;
				CLANG_WARN_DOCUMENTATION_COMMENTS = YES;
				CLANG_WARN_EMPTY_BODY = YES;
				CLANG_WARN_ENUM_CONVERSION = YES;
				CLANG_WARN_INFINITE_RECURSION = YES;
				CLANG_WARN_INT_CONVERSION = YES;
				CLANG_WARN_OBJC_ROOT_CLASS = YES_ERROR;
				CLANG_WARN_RANGE_LOOP_ANALYSIS = YES;
				CLANG_WARN_STRICT_PROTOTYPES = YES;
				CLANG_WARN_SUSPICIOUS_MOVE = YES;
				CLANG_WARN_UNGUARDED_AVAILABILITY = YES_AGGRESSIVE;
				CLANG_WARN_UNREACHABLE_CODE = YES;
				CLANG_WARN__DUPLICATE_METHOD_MATCH = YES;
				CODE_SIGN_IDENTITY = "-";
				COPY_PHASE_STRIP = NO;
				DEBUG_INFORMATION_FORMAT = "dwarf-with-dsym";
				ENABLE_NS_ASSERTIONS = NO;
				ENABLE_STRICT_OBJC_MSGSEND = YES;
				GCC_C_LANGUAGE_STANDARD = gnu11;
				GCC_NO_COMMON_BLOCKS = YES;
				GCC_WARN_64_TO_32_BIT_CONVERSION = YES;
				GCC_WARN_ABOUT_RETURN_TYPE = YES_ERROR;
				GCC_WARN_UNDECLARED_SELECTOR = YES;
				GCC_WARN_UNINITIALIZED_AUTOS = YES_AGGRESSIVE;
				GCC_WARN_UNUSED_FUNCTION = YES;
				GCC_WARN_UNUSED_VARIABLE = YES;
				MACOSX_DEPLOYMENT_TARGET = 10.12;
				MTL_ENABLE_DEBUG_INFO = NO;
				SDKROOT = macosx;
				SWIFT_OPTIMIZATION_LEVEL = "-Owholemodule";
			};
			name = Release;
		};
		15C53BED1F129C770030EA67 /* Debug */ = {
			isa = XCBuildConfiguration;
			buildSettings = {
				PRODUCT_NAME = "$(TARGET_NAME)";
				SWIFT_VERSION = 4.0;
			};
			name = Debug;
		};
		15C53BEE1F129C770030EA67 /* Release */ = {
			isa = XCBuildConfiguration;
			buildSettings = {
				PRODUCT_NAME = "$(TARGET_NAME)";
				SWIFT_VERSION = 4.0;
			};
			name = Release;
		};
/* End XCBuildConfiguration section */

/* Begin XCConfigurationList section */
		15C53BE01F129C770030EA67 /* Build configuration list for PBXProject "Retain_Cycle" */ = {
			isa = XCConfigurationList;
			buildConfigurations = (
				15C53BEA1F129C770030EA67 /* Debug */,
				15C53BEB1F129C770030EA67 /* Release */,
			);
			defaultConfigurationIsVisible = 0;
			defaultConfigurationName = Release;
		};
		15C53BEC1F129C770030EA67 /* Build configuration list for PBXNativeTarget "Retain_Cycle" */ = {
			isa = XCConfigurationList;
			buildConfigurations = (
				15C53BED1F129C770030EA67 /* Debug */,
				15C53BEE1F129C770030EA67 /* Release */,
			);
			defaultConfigurationIsVisible = 0;
		};
/* End XCConfigurationList section */
	};
	rootObject = 15C53BDD1F129C770030EA67 /* Project object */;
}
